
Microsoft Visual Studio Solution File, Format Version 12.00
# Visual Studio Version 16
VisualStudioVersion = 16.0.29424.173
MinimumVisualStudioVersion = 10.0.40219.1
Project("{FAE04EC0-301F-11D3-BF4B-00C04F79EFBC}") = "Utility", "Utility\Utility.csproj", "{90AD816D-B9B9-4E95-AC6A-404B2E06BA14}"
EndProject
Project("{FAE04EC0-301F-11D3-BF4B-00C04F79EFBC}") = "Hasher", "Hasher\Hasher.csproj", "{24551B33-CFD5-42CE-B022-AA393E9F361B}"
EndProject
Global
	GlobalSection(SolutionConfigurationPlatforms) = preSolution
		Debug|Any CPU = Debug|Any CPU
		Release|Any CPU = Release|Any CPU
	EndGlobalSection
	GlobalSection(ProjectConfigurationPlatforms) = postSolution
		{90AD816D-B9B9-4E95-AC6A-404B2E06BA14}.Debug|Any CPU.ActiveCfg = Debug|Any CPU
		{90AD816D-B9B9-4E95-AC6A-404B2E06BA14}.Debug|Any CPU.Build.0 = Debug|Any CPU
		{90AD816D-B9B9-4E95-AC6A-404B2E06BA14}.Release|Any CPU.ActiveCfg = Release|Any CPU
		{90AD816D-B9B9-4E95-AC6A-404B2E06BA14}.Release|Any CPU.Build.0 = Release|Any CPU
		{24551B33-CFD5-42CE-B022-AA393E9F361B}.Debug|Any CPU.ActiveCfg = Debug|Any CPU
		{24551B33-CFD5-42CE-B022-AA393E9F361B}.Debug|Any CPU.Build.0 = Debug|Any CPU
		{24551B33-CFD5-42CE-B022-AA393E9F361B}.Release|Any CPU.ActiveCfg = Release|Any CPU
		{24551B33-CFD5-42CE-B022-AA393E9F361B}.Release|Any CPU.Build.0 = Release|Any CPU
	EndGlobalSection
	GlobalSection(SolutionProperties) = preSolution
		HideSolutionNode = FALSE
	EndGlobalSection
	GlobalSection(ExtensibilityGlobals) = postSolution
		SolutionGuid = {D793B383-7BA7-4B84-9719-64DF6306D085}
	EndGlobalSection
EndGlobal
